
Microsoft Visual Studio Solution File, Format Version 12.00
# Visual Studio Version 16
VisualStudioVersion = 25.0.1704.4
MinimumVisualStudioVersion = 10.0.40219.1
Project("{FAE04EC0-301F-11D3-BF4B-00C04F79EFBC}") = "mvc crud asp.net", "mvc crud asp.net\mvc crud asp.net.csproj", "{9A7F85BA-9FBF-4884-BBEE-51725A588262}"
EndProject
Global
	GlobalSection(SolutionConfigurationPlatforms) = preSolution
		Debug|Any CPU = Debug|Any CPU
		Release|Any CPU = Release|Any CPU
	EndGlobalSection
	GlobalSection(ProjectConfigurationPlatforms) = postSolution
		{9A7F85BA-9FBF-4884-BBEE-51725A588262}.Debug|Any CPU.ActiveCfg = Debug|Any CPU
		{9A7F85BA-9FBF-4884-BBEE-51725A588262}.Debug|Any CPU.Build.0 = Debug|Any CPU
		{9A7F85BA-9FBF-4884-BBEE-51725A588262}.Release|Any CPU.ActiveCfg = Release|Any CPU
		{9A7F85BA-9FBF-4884-BBEE-51725A588262}.Release|Any CPU.Build.0 = Release|Any CPU
	EndGlobalSection
	GlobalSection(SolutionProperties) = preSolution
		HideSolutionNode = FALSE
	EndGlobalSection
	GlobalSection(ExtensibilityGlobals) = postSolution
		SolutionGuid = {876A40D7-5CB0-405B-A62D-0F67D967D59E}
	EndGlobalSection
EndGlobal
